
Microsoft Visual Studio Solution File, Format Version 12.00
# Visual Studio Version 17
VisualStudioVersion = 17.9.34607.119
MinimumVisualStudioVersion = 10.0.40219.1
Project("{FAE04EC0-301F-11D3-BF4B-00C04F79EFBC}") = "ProjectModulA", "ProjectModulA\ProjectModulA.csproj", "{7D7C4C6F-EC1C-46BB-96BF-A63F7774FF94}"
EndProject
Global
	GlobalSection(SolutionConfigurationPlatforms) = preSolution
		Debug|Any CPU = Debug|Any CPU
		Release|Any CPU = Release|Any CPU
	EndGlobalSection
	GlobalSection(ProjectConfigurationPlatforms) = postSolution
		{7D7C4C6F-EC1C-46BB-96BF-A63F7774FF94}.Debug|Any CPU.ActiveCfg = Debug|Any CPU
		{7D7C4C6F-EC1C-46BB-96BF-A63F7774FF94}.Debug|Any CPU.Build.0 = Debug|Any CPU
		{7D7C4C6F-EC1C-46BB-96BF-A63F7774FF94}.Release|Any CPU.ActiveCfg = Release|Any CPU
		{7D7C4C6F-EC1C-46BB-96BF-A63F7774FF94}.Release|Any CPU.Build.0 = Release|Any CPU
	EndGlobalSection
	GlobalSection(SolutionProperties) = preSolution
		HideSolutionNode = FALSE
	EndGlobalSection
	GlobalSection(ExtensibilityGlobals) = postSolution
		SolutionGuid = {4F1A2E65-E18C-4600-BFDE-A7FD43EDBD7C}
	EndGlobalSection
EndGlobal
